
Microsoft Visual Studio Solution File, Format Version 12.00
# Visual Studio Version 16
VisualStudioVersion = 16.0.31129.286
MinimumVisualStudioVersion = 10.0.40219.1
Project("{FAE04EC0-301F-11D3-BF4B-00C04F79EFBC}") = "20210729_piceditor", "20210729_piceditor\20210729_piceditor.csproj", "{C372908A-497F-4E6B-8449-1A86625E4A7E}"
EndProject
Global
	GlobalSection(SolutionConfigurationPlatforms) = preSolution
		Debug|Any CPU = Debug|Any CPU
		Release|Any CPU = Release|Any CPU
	EndGlobalSection
	GlobalSection(ProjectConfigurationPlatforms) = postSolution
		{C372908A-497F-4E6B-8449-1A86625E4A7E}.Debug|Any CPU.ActiveCfg = Debug|Any CPU
		{C372908A-497F-4E6B-8449-1A86625E4A7E}.Debug|Any CPU.Build.0 = Debug|Any CPU
		{C372908A-497F-4E6B-8449-1A86625E4A7E}.Release|Any CPU.ActiveCfg = Release|Any CPU
		{C372908A-497F-4E6B-8449-1A86625E4A7E}.Release|Any CPU.Build.0 = Release|Any CPU
	EndGlobalSection
	GlobalSection(SolutionProperties) = preSolution
		HideSolutionNode = FALSE
	EndGlobalSection
	GlobalSection(ExtensibilityGlobals) = postSolution
		SolutionGuid = {8620DC4C-F21F-42FD-BD16-212DB4F4BCAB}
	EndGlobalSection
EndGlobal
